// !$*UTF8*$!
{
	archiveVersion = 1;
	classes = {
	};
	objectVersion = 46;
	objects = {

/* Begin PBXBuildFile section */
		32574C6F1EA7791E00DC3AD8 /* main.m in Sources */ = {isa = PBXBuildFile; fileRef = 32574C6E1EA7791E00DC3AD8 /* main.m */; };
		32574C721EA7791E00DC3AD8 /* AppDelegate.m in Sources */ = {isa = PBXBuildFile; fileRef = 32574C711EA7791E00DC3AD8 /* AppDelegate.m */; };
		32574C751EA7791E00DC3AD8 /* ViewController.m in Sources */ = {isa = PBXBuildFile; fileRef = 32574C741EA7791E00DC3AD8 /* ViewController.m */; };
		32574C781EA7791E00DC3AD8 /* Main.storyboard in Resources */ = {isa = PBXBuildFile; fileRef = 32574C761EA7791E00DC3AD8 /* Main.storyboard */; };
		32574C7A1EA7791E00DC3AD8 /* Assets.xcassets in Resources */ = {isa = PBXBuildFile; fileRef = 32574C791EA7791E00DC3AD8 /* Assets.xcassets */; };
		32574C7D1EA7791E00DC3AD8 /* LaunchScreen.storyboard in Resources */ = {isa = PBXBuildFile; fileRef = 32574C7B1EA7791E00DC3AD8 /* LaunchScreen.storyboard */; };
		32574C951EA78BE900DC3AD8 /* CABasicAnimation+Rotation.m in Sources */ = {isa = PBXBuildFile; fileRef = 32574C921EA78BE900DC3AD8 /* CABasicAnimation+Rotation.m */; };
		32574C961EA78BE900DC3AD8 /* UIBezierPath+CustomPaths.m in Sources */ = {isa = PBXBuildFile; fileRef = 32574C941EA78BE900DC3AD8 /* UIBezierPath+CustomPaths.m */; };
		32574C9C1EA7BB9D00DC3AD8 /* SPGTLZIconManager.m in Sources */ = {isa = PBXBuildFile; fileRef = 32574C9B1EA7BB9D00DC3AD8 /* SPGTLZIconManager.m */; };
		32E2F55A1EAC932F0052AE1D /* UIView+Options.m in Sources */ = {isa = PBXBuildFile; fileRef = 32E2F5551EAC932F0052AE1D /* UIView+Options.m */; };
		32E2F55B1EAC932F0052AE1D /* UIView+Shadow.m in Sources */ = {isa = PBXBuildFile; fileRef = 32E2F5571EAC932F0052AE1D /* UIView+Shadow.m */; };
		32E2F55C1EAC932F0052AE1D /* UIView+Shape.m in Sources */ = {isa = PBXBuildFile; fileRef = 32E2F5591EAC932F0052AE1D /* UIView+Shape.m */; };
		32E328261EAD3222004A88AE /* DummyImplementations.m in Sources */ = {isa = PBXBuildFile; fileRef = 32E328251EAD3222004A88AE /* DummyImplementations.m */; };
/* End PBXBuildFile section */

/* Begin PBXFileReference section */
		32574C6A1EA7791E00DC3AD8 /* SpringToolzSampleProject.app */ = {isa = PBXFileReference; explicitFileType = wrapper.application; includeInIndex = 0; path = SpringToolzSampleProject.app; sourceTree = BUILT_PRODUCTS_DIR; };
		32574C6E1EA7791E00DC3AD8 /* main.m */ = {isa = PBXFileReference; lastKnownFileType = sourcecode.c.objc; path = main.m; sourceTree = "<group>"; };
		32574C701EA7791E00DC3AD8 /* AppDelegate.h */ = {isa = PBXFileReference; lastKnownFileType = sourcecode.c.h; path = AppDelegate.h; sourceTree = "<group>"; };
		32574C711EA7791E00DC3AD8 /* AppDelegate.m */ = {isa = PBXFileReference; lastKnownFileType = sourcecode.c.objc; path = AppDelegate.m; sourceTree = "<group>"; };
		32574C731EA7791E00DC3AD8 /* ViewController.h */ = {isa = PBXFileReference; lastKnownFileType = sourcecode.c.h; path = ViewController.h; sourceTree = "<group>"; };
		32574C741EA7791E00DC3AD8 /* ViewController.m */ = {isa = PBXFileReference; lastKnownFileType = sourcecode.c.objc; path = ViewController.m; sourceTree = "<group>"; };
		32574C771EA7791E00DC3AD8 /* Base */ = {isa = PBXFileReference; lastKnownFileType = file.storyboard; name = Base; path = Base.lproj/Main.storyboard; sourceTree = "<group>"; };
		32574C791EA7791E00DC3AD8 /* Assets.xcassets */ = {isa = PBXFileReference; lastKnownFileType = folder.assetcatalog; path = Assets.xcassets; sourceTree = "<group>"; };
		32574C7C1EA7791E00DC3AD8 /* Base */ = {isa = PBXFileReference; lastKnownFileType = file.storyboard; name = Base; path = Base.lproj/LaunchScreen.storyboard; sourceTree = "<group>"; };
		32574C7E1EA7791E00DC3AD8 /* Info.plist */ = {isa = PBXFileReference; lastKnownFileType = text.plist.xml; path = Info.plist; sourceTree = "<group>"; };
		32574C871EA779A500DC3AD8 /* SBIconView.h */ = {isa = PBXFileReference; lastKnownFileType = sourcecode.c.h; name = SBIconView.h; path = ../../springtoolz/SBIconView.h; sourceTree = "<group>"; };
		32574C911EA78BE900DC3AD8 /* CABasicAnimation+Rotation.h */ = {isa = PBXFileReference; fileEncoding = 4; lastKnownFileType = sourcecode.c.h; name = "CABasicAnimation+Rotation.h"; path = "../../springtoolz/CABasicAnimation+Rotation.h"; sourceTree = "<group>"; };
		32574C921EA78BE900DC3AD8 /* CABasicAnimation+Rotation.m */ = {isa = PBXFileReference; fileEncoding = 4; lastKnownFileType = sourcecode.c.objc; name = "CABasicAnimation+Rotation.m"; path = "../../springtoolz/CABasicAnimation+Rotation.m"; sourceTree = "<group>"; };
		32574C931EA78BE900DC3AD8 /* UIBezierPath+CustomPaths.h */ = {isa = PBXFileReference; fileEncoding = 4; lastKnownFileType = sourcecode.c.h; name = "UIBezierPath+CustomPaths.h"; path = "../../springtoolz/UIBezierPath+CustomPaths.h"; sourceTree = "<group>"; };
		32574C941EA78BE900DC3AD8 /* UIBezierPath+CustomPaths.m */ = {isa = PBXFileReference; fileEncoding = 4; lastKnownFileType = sourcecode.c.objc; name = "UIBezierPath+CustomPaths.m"; path = "../../springtoolz/UIBezierPath+CustomPaths.m"; sourceTree = "<group>"; };
		32574C9A1EA7BB9D00DC3AD8 /* SPGTLZIconManager.h */ = {isa = PBXFileReference; fileEncoding = 4; lastKnownFileType = sourcecode.c.h; name = SPGTLZIconManager.h; path = ../../springtoolz/SPGTLZIconManager.h; sourceTree = "<group>"; };
		32574C9B1EA7BB9D00DC3AD8 /* SPGTLZIconManager.m */ = {isa = PBXFileReference; fileEncoding = 4; lastKnownFileType = sourcecode.c.objc; name = SPGTLZIconManager.m; path = ../../springtoolz/SPGTLZIconManager.m; sourceTree = "<group>"; };
		327B4AEC1EAE512B00B91155 /* Tweak.xm */ = {isa = PBXFileReference; fileEncoding = 4; lastKnownFileType = text; name = Tweak.xm; path = ../springtoolz/Tweak.xm; sourceTree = "<group>"; };
		327B4AEE1EAE513600B91155 /* Makefile */ = {isa = PBXFileReference; fileEncoding = 4; lastKnownFileType = sourcecode.make; name = Makefile; path = ../springtoolz/Makefile; sourceTree = "<group>"; };
		327B4AF01EAE513C00B91155 /* control */ = {isa = PBXFileReference; fileEncoding = 4; lastKnownFileType = text; name = control; path = ../springtoolz/control; sourceTree = "<group>"; };
		327B4AF21EAE516000B91155 /* DockIcons.plist */ = {isa = PBXFileReference; lastKnownFileType = text.plist.xml; name = DockIcons.plist; path = ../springtoolz/springtoolz/Resources/DockIcons.plist; sourceTree = "<group>"; };
		327B4AF31EAE516000B91155 /* PageIcons.plist */ = {isa = PBXFileReference; lastKnownFileType = text.plist.xml; name = PageIcons.plist; path = ../springtoolz/springtoolz/Resources/PageIcons.plist; sourceTree = "<group>"; };
		327B4AF41EAE516000B91155 /* Root.plist */ = {isa = PBXFileReference; lastKnownFileType = text.plist.xml; name = Root.plist; path = ../springtoolz/springtoolz/Resources/Root.plist; sourceTree = "<group>"; };
		327B4AF51EAE516000B91155 /* ShadowOptions.plist */ = {isa = PBXFileReference; lastKnownFileType = text.plist.xml; name = ShadowOptions.plist; path = ../springtoolz/springtoolz/Resources/ShadowOptions.plist; sourceTree = "<group>"; };
		32E2F5541EAC932F0052AE1D /* UIView+Options.h */ = {isa = PBXFileReference; fileEncoding = 4; lastKnownFileType = sourcecode.c.h; name = "UIView+Options.h"; path = "../../springtoolz/UIView+Options.h"; sourceTree = "<group>"; };
		32E2F5551EAC932F0052AE1D /* UIView+Options.m */ = {isa = PBXFileReference; fileEncoding = 4; lastKnownFileType = sourcecode.c.objc; name = "UIView+Options.m"; path = "../../springtoolz/UIView+Options.m"; sourceTree = "<group>"; };
		32E2F5561EAC932F0052AE1D /* UIView+Shadow.h */ = {isa = PBXFileReference; fileEncoding = 4; lastKnownFileType = sourcecode.c.h; name = "UIView+Shadow.h"; path = "../../springtoolz/UIView+Shadow.h"; sourceTree = "<group>"; };
		32E2F5571EAC932F0052AE1D /* UIView+Shadow.m */ = {isa = PBXFileReference; fileEncoding = 4; lastKnownFileType = sourcecode.c.objc; name = "UIView+Shadow.m"; path = "../../springtoolz/UIView+Shadow.m"; sourceTree = "<group>"; };
		32E2F5581EAC932F0052AE1D /* UIView+Shape.h */ = {isa = PBXFileReference; fileEncoding = 4; lastKnownFileType = sourcecode.c.h; name = "UIView+Shape.h"; path = "../../springtoolz/UIView+Shape.h"; sourceTree = "<group>"; };
		32E2F5591EAC932F0052AE1D /* UIView+Shape.m */ = {isa = PBXFileReference; fileEncoding = 4; lastKnownFileType = sourcecode.c.objc; name = "UIView+Shape.m"; path = "../../springtoolz/UIView+Shape.m"; sourceTree = "<group>"; };
		32E328251EAD3222004A88AE /* DummyImplementations.m */ = {isa = PBXFileReference; fileEncoding = 4; lastKnownFileType = sourcecode.c.objc; path = DummyImplementations.m; sourceTree = "<group>"; };
/* End PBXFileReference section */

/* Begin PBXFrameworksBuildPhase section */
		32574C671EA7791E00DC3AD8 /* Frameworks */ = {
			isa = PBXFrameworksBuildPhase;
			buildActionMask = 2147483647;
			files = (
			);
			runOnlyForDeploymentPostprocessing = 0;
		};
/* End PBXFrameworksBuildPhase section */

/* Begin PBXGroup section */
		3215CDC31EAC964A00604FC7 /* SBIconView Customizations */ = {
			isa = PBXGroup;
			children = (
				32E2F5541EAC932F0052AE1D /* UIView+Options.h */,
				32E2F5551EAC932F0052AE1D /* UIView+Options.m */,
				3215CDC51EAC967F00604FC7 /* Shadow Helpers */,
				3215CDC41EAC966700604FC7 /* Shape Helpers */,
				3215CDC61EAC968700604FC7 /* Common Helpers */,
			);
			name = "SBIconView Customizations";
			sourceTree = "<group>";
		};
		3215CDC41EAC966700604FC7 /* Shape Helpers */ = {
			isa = PBXGroup;
			children = (
				32E2F5581EAC932F0052AE1D /* UIView+Shape.h */,
				32E2F5591EAC932F0052AE1D /* UIView+Shape.m */,
			);
			name = "Shape Helpers";
			sourceTree = "<group>";
		};
		3215CDC51EAC967F00604FC7 /* Shadow Helpers */ = {
			isa = PBXGroup;
			children = (
				32E2F5561EAC932F0052AE1D /* UIView+Shadow.h */,
				32E2F5571EAC932F0052AE1D /* UIView+Shadow.m */,
			);
			name = "Shadow Helpers";
			sourceTree = "<group>";
		};
		3215CDC61EAC968700604FC7 /* Common Helpers */ = {
			isa = PBXGroup;
			children = (
				32574C911EA78BE900DC3AD8 /* CABasicAnimation+Rotation.h */,
				32574C921EA78BE900DC3AD8 /* CABasicAnimation+Rotation.m */,
				32574C931EA78BE900DC3AD8 /* UIBezierPath+CustomPaths.h */,
				32574C941EA78BE900DC3AD8 /* UIBezierPath+CustomPaths.m */,
			);
			name = "Common Helpers";
			sourceTree = "<group>";
		};
		32574C611EA7791E00DC3AD8 = {
			isa = PBXGroup;
			children = (
				32574C6C1EA7791E00DC3AD8 /* SpringToolzSampleProject */,
				327B4AEB1EAE510F00B91155 /* Theos Files */,
				32574C6B1EA7791E00DC3AD8 /* Products */,
			);
			sourceTree = "<group>";
		};
		32574C6B1EA7791E00DC3AD8 /* Products */ = {
			isa = PBXGroup;
			children = (
				32574C6A1EA7791E00DC3AD8 /* SpringToolzSampleProject.app */,
			);
			name = Products;
			sourceTree = "<group>";
		};
		32574C6C1EA7791E00DC3AD8 /* SpringToolzSampleProject */ = {
			isa = PBXGroup;
			children = (
				32574C871EA779A500DC3AD8 /* SBIconView.h */,
				32E328251EAD3222004A88AE /* DummyImplementations.m */,
				32574C701EA7791E00DC3AD8 /* AppDelegate.h */,
				32574C711EA7791E00DC3AD8 /* AppDelegate.m */,
				32574C731EA7791E00DC3AD8 /* ViewController.h */,
				32574C741EA7791E00DC3AD8 /* ViewController.m */,
				32574C9A1EA7BB9D00DC3AD8 /* SPGTLZIconManager.h */,
				32574C9B1EA7BB9D00DC3AD8 /* SPGTLZIconManager.m */,
				3215CDC31EAC964A00604FC7 /* SBIconView Customizations */,
				32574C761EA7791E00DC3AD8 /* Main.storyboard */,
				32574C791EA7791E00DC3AD8 /* Assets.xcassets */,
				32574C7B1EA7791E00DC3AD8 /* LaunchScreen.storyboard */,
				32574C7E1EA7791E00DC3AD8 /* Info.plist */,
				32574C6D1EA7791E00DC3AD8 /* Supporting Files */,
			);
			path = SpringToolzSampleProject;
			sourceTree = "<group>";
		};
		32574C6D1EA7791E00DC3AD8 /* Supporting Files */ = {
			isa = PBXGroup;
			children = (
				32574C6E1EA7791E00DC3AD8 /* main.m */,
			);
			name = "Supporting Files";
			sourceTree = "<group>";
		};
		327B4AEB1EAE510F00B91155 /* Theos Files */ = {
			isa = PBXGroup;
			children = (
				327B4AEC1EAE512B00B91155 /* Tweak.xm */,
				327B4AEE1EAE513600B91155 /* Makefile */,
				327B4AF01EAE513C00B91155 /* control */,
				327B4AF61EAE516600B91155 /* Settings Pane */,
			);
			name = "Theos Files";
			sourceTree = "<group>";
		};
		327B4AF61EAE516600B91155 /* Settings Pane */ = {
			isa = PBXGroup;
			children = (
				327B4AF21EAE516000B91155 /* DockIcons.plist */,
				327B4AF31EAE516000B91155 /* PageIcons.plist */,
				327B4AF41EAE516000B91155 /* Root.plist */,
				327B4AF51EAE516000B91155 /* ShadowOptions.plist */,
			);
			name = "Settings Pane";
			sourceTree = "<group>";
		};
/* End PBXGroup section */

/* Begin PBXNativeTarget section */
		32574C691EA7791E00DC3AD8 /* SpringToolzSampleProject */ = {
			isa = PBXNativeTarget;
			buildConfigurationList = 32574C811EA7791E00DC3AD8 /* Build configuration list for PBXNativeTarget "SpringToolzSampleProject" */;
			buildPhases = (
				32574C661EA7791E00DC3AD8 /* Sources */,
				32574C671EA7791E00DC3AD8 /* Frameworks */,
				32574C681EA7791E00DC3AD8 /* Resources */,
			);
			buildRules = (
			);
			dependencies = (
			);
			name = SpringToolzSampleProject;
			productName = SpringToolzSampleProject;
			productReference = 32574C6A1EA7791E00DC3AD8 /* SpringToolzSampleProject.app */;
			productType = "com.apple.product-type.application";
		};
/* End PBXNativeTarget section */

/* Begin PBXProject section */
		32574C621EA7791E00DC3AD8 /* Project object */ = {
			isa = PBXProject;
			attributes = {
				LastUpgradeCheck = 0830;
				ORGANIZATIONNAME = "Stoyan Stoyanov";
				TargetAttributes = {
					32574C691EA7791E00DC3AD8 = {
						CreatedOnToolsVersion = 8.3.1;
						DevelopmentTeam = PPF77J63K7;
						ProvisioningStyle = Automatic;
					};
				};
			};
			buildConfigurationList = 32574C651EA7791E00DC3AD8 /* Build configuration list for PBXProject "SpringToolzSampleProject" */;
			compatibilityVersion = "Xcode 3.2";
			developmentRegion = English;
			hasScannedForEncodings = 0;
			knownRegions = (
				en,
				Base,
			);
			mainGroup = 32574C611EA7791E00DC3AD8;
			productRefGroup = 32574C6B1EA7791E00DC3AD8 /* Products */;
			projectDirPath = "";
			projectRoot = "";
			targets = (
				32574C691EA7791E00DC3AD8 /* SpringToolzSampleProject */,
			);
		};
/* End PBXProject section */

/* Begin PBXResourcesBuildPhase section */
		32574C681EA7791E00DC3AD8 /* Resources */ = {
			isa = PBXResourcesBuildPhase;
			buildActionMask = 2147483647;
			files = (
				32574C7D1EA7791E00DC3AD8 /* LaunchScreen.storyboard in Resources */,
				32574C7A1EA7791E00DC3AD8 /* Assets.xcassets in Resources */,
				32574C781EA7791E00DC3AD8 /* Main.storyboard in Resources */,
			);
			runOnlyForDeploymentPostprocessing = 0;
		};
/* End PBXResourcesBuildPhase section */

/* Begin PBXSourcesBuildPhase section */
		32574C661EA7791E00DC3AD8 /* Sources */ = {
			isa = PBXSourcesBuildPhase;
			buildActionMask = 2147483647;
			files = (
				32574C951EA78BE900DC3AD8 /* CABasicAnimation+Rotation.m in Sources */,
				32574C961EA78BE900DC3AD8 /* UIBezierPath+CustomPaths.m in Sources */,
				32E328261EAD3222004A88AE /* DummyImplementations.m in Sources */,
				32574C751EA7791E00DC3AD8 /* ViewController.m in Sources */,
				32574C721EA7791E00DC3AD8 /* AppDelegate.m in Sources */,
				32E2F55B1EAC932F0052AE1D /* UIView+Shadow.m in Sources */,
				32E2F55C1EAC932F0052AE1D /* UIView+Shape.m in Sources */,
				32E2F55A1EAC932F0052AE1D /* UIView+Options.m in Sources */,
				32574C6F1EA7791E00DC3AD8 /* main.m in Sources */,
				32574C9C1EA7BB9D00DC3AD8 /* SPGTLZIconManager.m in Sources */,
			);
			runOnlyForDeploymentPostprocessing = 0;
		};
/* End PBXSourcesBuildPhase section */

/* Begin PBXVariantGroup section */
		32574C761EA7791E00DC3AD8 /* Main.storyboard */ = {
			isa = PBXVariantGroup;
			children = (
				32574C771EA7791E00DC3AD8 /* Base */,
			);
			name = Main.storyboard;
			sourceTree = "<group>";
		};
		32574C7B1EA7791E00DC3AD8 /* LaunchScreen.storyboard */ = {
			isa = PBXVariantGroup;
			children = (
				32574C7C1EA7791E00DC3AD8 /* Base */,
			);
			name = LaunchScreen.storyboard;
			sourceTree = "<group>";
		};
/* End PBXVariantGroup section */

/* Begin XCBuildConfiguration section */
		32574C7F1EA7791E00DC3AD8 /* Debug */ = {
			isa = XCBuildConfiguration;
			buildSettings = {
				ALWAYS_SEARCH_USER_PATHS = NO;
				CLANG_ANALYZER_NONNULL = YES;
				CLANG_ANALYZER_NUMBER_OBJECT_CONVERSION = YES_AGGRESSIVE;
				CLANG_CXX_LANGUAGE_STANDARD = "gnu++0x";
				CLANG_CXX_LIBRARY = "libc++";
				CLANG_ENABLE_MODULES = YES;
				CLANG_ENABLE_OBJC_ARC = YES;
				CLANG_WARN_BOOL_CONVERSION = YES;
				CLANG_WARN_CONSTANT_CONVERSION = YES;
				CLANG_WARN_DIRECT_OBJC_ISA_USAGE = YES_ERROR;
				CLANG_WARN_DOCUMENTATION_COMMENTS = YES;
				CLANG_WARN_EMPTY_BODY = YES;
				CLANG_WARN_ENUM_CONVERSION = YES;
				CLANG_WARN_INFINITE_RECURSION = YES;
				CLANG_WARN_INT_CONVERSION = YES;
				CLANG_WARN_OBJC_ROOT_CLASS = YES_ERROR;
				CLANG_WARN_SUSPICIOUS_MOVE = YES;
				CLANG_WARN_UNREACHABLE_CODE = YES;
				CLANG_WARN__DUPLICATE_METHOD_MATCH = YES;
				"CODE_SIGN_IDENTITY[sdk=iphoneos*]" = "iPhone Developer";
				COPY_PHASE_STRIP = NO;
				DEBUG_INFORMATION_FORMAT = dwarf;
				ENABLE_STRICT_OBJC_MSGSEND = YES;
				ENABLE_TESTABILITY = YES;
				GCC_C_LANGUAGE_STANDARD = gnu99;
				GCC_DYNAMIC_NO_PIC = NO;
				GCC_NO_COMMON_BLOCKS = YES;
				GCC_OPTIMIZATION_LEVEL = 0;
				GCC_PREPROCESSOR_DEFINITIONS = (
					"DEBUG=1",
					"$(inherited)",
				);
				GCC_WARN_64_TO_32_BIT_CONVERSION = YES;
				GCC_WARN_ABOUT_RETURN_TYPE = YES_ERROR;
				GCC_WARN_UNDECLARED_SELECTOR = YES;
				GCC_WARN_UNINITIALIZED_AUTOS = YES_AGGRESSIVE;
				GCC_WARN_UNUSED_FUNCTION = YES;
				GCC_WARN_UNUSED_VARIABLE = YES;
				IPHONEOS_DEPLOYMENT_TARGET = 10.3;
				MTL_ENABLE_DEBUG_INFO = YES;
				ONLY_ACTIVE_ARCH = YES;
				SDKROOT = iphoneos;
				TARGETED_DEVICE_FAMILY = "1,2";
			};
			name = Debug;
		};
		32574C801EA7791E00DC3AD8 /* Release */ = {
			isa = XCBuildConfiguration;
			buildSettings = {
				ALWAYS_SEARCH_USER_PATHS = NO;
				CLANG_ANALYZER_NONNULL = YES;
				CLANG_ANALYZER_NUMBER_OBJECT_CONVERSION = YES_AGGRESSIVE;
				CLANG_CXX_LANGUAGE_STANDARD = "gnu++0x";
				CLANG_CXX_LIBRARY = "libc++";
				CLANG_ENABLE_MODULES = YES;
				CLANG_ENABLE_OBJC_ARC = YES;
				CLANG_WARN_BOOL_CONVERSION = YES;
				CLANG_WARN_CONSTANT_CONVERSION = YES;
				CLANG_WARN_DIRECT_OBJC_ISA_USAGE = YES_ERROR;
				CLANG_WARN_DOCUMENTATION_COMMENTS = YES;
				CLANG_WARN_EMPTY_BODY = YES;
				CLANG_WARN_ENUM_CONVERSION = YES;
				CLANG_WARN_INFINITE_RECURSION = YES;
				CLANG_WARN_INT_CONVERSION = YES;
				CLANG_WARN_OBJC_ROOT_CLASS = YES_ERROR;
				CLANG_WARN_SUSPICIOUS_MOVE = YES;
				CLANG_WARN_UNREACHABLE_CODE = YES;
				CLANG_WARN__DUPLICATE_METHOD_MATCH = YES;
				"CODE_SIGN_IDENTITY[sdk=iphoneos*]" = "iPhone Developer";
				COPY_PHASE_STRIP = NO;
				DEBUG_INFORMATION_FORMAT = "dwarf-with-dsym";
				ENABLE_NS_ASSERTIONS = NO;
				ENABLE_STRICT_OBJC_MSGSEND = YES;
				GCC_C_LANGUAGE_STANDARD = gnu99;
				GCC_NO_COMMON_BLOCKS = YES;
				GCC_WARN_64_TO_32_BIT_CONVERSION = YES;
				GCC_WARN_ABOUT_RETURN_TYPE = YES_ERROR;
				GCC_WARN_UNDECLARED_SELECTOR = YES;
				GCC_WARN_UNINITIALIZED_AUTOS = YES_AGGRESSIVE;
				GCC_WARN_UNUSED_FUNCTION = YES;
				GCC_WARN_UNUSED_VARIABLE = YES;
				IPHONEOS_DEPLOYMENT_TARGET = 10.3;
				MTL_ENABLE_DEBUG_INFO = NO;
				SDKROOT = iphoneos;
				TARGETED_DEVICE_FAMILY = "1,2";
				VALIDATE_PRODUCT = YES;
			};
			name = Release;
		};
		32574C821EA7791E00DC3AD8 /* Debug */ = {
			isa = XCBuildConfiguration;
			buildSettings = {
				ASSETCATALOG_COMPILER_APPICON_NAME = AppIcon;
				DEVELOPMENT_TEAM = PPF77J63K7;
				INFOPLIST_FILE = SpringToolzSampleProject/Info.plist;
				IPHONEOS_DEPLOYMENT_TARGET = 9.1;
				LD_RUNPATH_SEARCH_PATHS = "$(inherited) @executable_path/Frameworks";
				PRODUCT_BUNDLE_IDENTIFIER = com.stoyan.stoyanov.SpringToolzSampleProject;
				PRODUCT_NAME = "$(TARGET_NAME)";
			};
			name = Debug;
		};
		32574C831EA7791E00DC3AD8 /* Release */ = {
			isa = XCBuildConfiguration;
			buildSettings = {
				ASSETCATALOG_COMPILER_APPICON_NAME = AppIcon;
				DEVELOPMENT_TEAM = PPF77J63K7;
				INFOPLIST_FILE = SpringToolzSampleProject/Info.plist;
				IPHONEOS_DEPLOYMENT_TARGET = 9.1;
				LD_RUNPATH_SEARCH_PATHS = "$(inherited) @executable_path/Frameworks";
				PRODUCT_BUNDLE_IDENTIFIER = com.stoyan.stoyanov.SpringToolzSampleProject;
				PRODUCT_NAME = "$(TARGET_NAME)";
			};
			name = Release;
		};
/* End XCBuildConfiguration section */

/* Begin XCConfigurationList section */
		32574C651EA7791E00DC3AD8 /* Build configuration list for PBXProject "SpringToolzSampleProject" */ = {
			isa = XCConfigurationList;
			buildConfigurations = (
				32574C7F1EA7791E00DC3AD8 /* Debug */,
				32574C801EA7791E00DC3AD8 /* Release */,
			);
			defaultConfigurationIsVisible = 0;
			defaultConfigurationName = Release;
		};
		32574C811EA7791E00DC3AD8 /* Build configuration list for PBXNativeTarget "SpringToolzSampleProject" */ = {
			isa = XCConfigurationList;
			buildConfigurations = (
				32574C821EA7791E00DC3AD8 /* Debug */,
				32574C831EA7791E00DC3AD8 /* Release */,
			);
			defaultConfigurationIsVisible = 0;
			defaultConfigurationName = Release;
		};
/* End XCConfigurationList section */
	};
	rootObject = 32574C621EA7791E00DC3AD8 /* Project object */;
}
